# THIS IS AN AUTOGENERATED FILE. DO NOT EDIT THIS FILE DIRECTLY.
# yarn lockfile v1


"@aptabase/electron@^0.3.1":
  version "0.3.1"
  resolved "https://registry.yarnpkg.com/@aptabase/electron/-/electron-0.3.1.tgz#fc044eff3489f92e52f4bd4685e480531c3a5a9a"
  integrity sha512-FECaGsjuoQu70F+M6V1evdgLP7yaq/sne9fC60AZZ6B9RsCDlxFBnJzdq3+xevHlUx6AB5o9ygUhQ+ONT9EqiA==
