{
  "dependencies": {
    "movie-art": {
      "version": "1.0.6"
    },
    "movie-info": {
      "version": "1.0.2"
    },
    "movie-trailer": {
      "version": "1.0.3"
    },
    "omdb-client": {
      "version": "1.0.6",
      "dependencies": {
        "json-http": {
          "version": "1.0.2"
        }
      }
    },
    "open": {
      "version": "0.0.5"
    }
  }
}
