{
  "lockfileVersion": 1,
  "dependencies": {
    "json-http": {
      "version": "1.0.2",
      "resolved": "https://registry.npmjs.org/json-http/-/json-http-1.0.2.tgz",
      "integrity": "sha1-Hf/e3yoVbZAvVPNa8mLZuVBJpz8="
    },
    "lacymorrow-omdb-client": {
      "version": "1.0.0",
      "resolved": "https://registry.npmjs.org/lacymorrow-omdb-client/-/lacymorrow-omdb-client-1.0.0.tgz",
      "integrity": "sha512-a0ebUapxXTBaXdujgctMgBUjV9Wo8sSB/dar+F39YWG9yANXG3RDXtuHTHRh0sXc3f+QqOMEa/0idkMlMJ7Utg=="
    },
    "movie-art": {
      "version": "1.0.7",
      "resolved": "https://registry.npmjs.org/movie-art/-/movie-art-1.0.7.tgz",
      "integrity": "sha512-0lxpMC7Am26F04Zi2i8+iQ5oR8hyxc/vlcE7LvpkK5Ln0PyoHkPTNhZaS0fBk16wAM336a4b9PHIFds+XqqA9g=="
    },
    "movie-info": {
      "version": "1.0.2",
      "resolved": "https://registry.npmjs.org/movie-info/-/movie-info-1.0.2.tgz",
      "integrity": "sha1-V36Evnh8a60eZevybXNkOCWqHiE="
    },
    "movie-trailer": {
      "version": "1.0.3",
      "resolved": "https://registry.npmjs.org/movie-trailer/-/movie-trailer-1.0.3.tgz",
      "integrity": "sha1-TPQ+gf1mhIZvvCb62fMlz4yvAMk="
    },
    "open": {
      "version": "0.0.5",
      "resolved": "https://registry.npmjs.org/open/-/open-0.0.5.tgz",
      "integrity": "sha1-QsPhjslUZra/DcQvOilFw/DK2Pw="
    },
    "parse-torrent-name": {
      "version": "0.5.2",
      "resolved": "https://registry.npmjs.org/parse-torrent-name/-/parse-torrent-name-0.5.2.tgz",
      "integrity": "sha1-4eh+XISokOZBsAZvPlODnhKhfeA="
    }
  }
}
